// !$*UTF8*$!
{
	archiveVersion = 1;
	classes = {
	};
	objectVersion = 46;
	objects = {

/* Begin PBXBuildFile section */
		F853DA801D9E911E00579162 /* PSPDFKit.framework in Frameworks */ = {isa = PBXBuildFile; fileRef = F88E60601D9D6F3E00AA67BF /* PSPDFKit.framework */; };
		F853DA811D9E911E00579162 /* PSPDFKit.framework in Frameworks */ = {isa = PBXBuildFile; fileRef = F88E60601D9D6F3E00AA67BF /* PSPDFKit.framework */; };
		F853DA981D9E9B3400579162 /* PSPDFTestAdditions.mm in Sources */ = {isa = PBXBuildFile; fileRef = F853DA951D9E9B3400579162 /* PSPDFTestAdditions.mm */; };
		F853DA991D9E9B3400579162 /* PSPDFTestAdditions.mm in Sources */ = {isa = PBXBuildFile; fileRef = F853DA951D9E9B3400579162 /* PSPDFTestAdditions.mm */; };
		F853DA9A1D9E9B3400579162 /* PSPDFTestAdditions.mm in Sources */ = {isa = PBXBuildFile; fileRef = F853DA951D9E9B3400579162 /* PSPDFTestAdditions.mm */; };
		F853DA9B1D9E9B3400579162 /* PSPDTestCase.m in Sources */ = {isa = PBXBuildFile; fileRef = F853DA971D9E9B3400579162 /* PSPDTestCase.m */; };
		F853DA9C1D9E9B3400579162 /* PSPDTestCase.m in Sources */ = {isa = PBXBuildFile; fileRef = F853DA971D9E9B3400579162 /* PSPDTestCase.m */; };
		F853DA9D1D9E9B3400579162 /* PSPDTestCase.m in Sources */ = {isa = PBXBuildFile; fileRef = F853DA971D9E9B3400579162 /* PSPDTestCase.m */; };
		F88E60331D9D6F1D00AA67BF /* AppDelegate.swift in Sources */ = {isa = PBXBuildFile; fileRef = F88E60321D9D6F1D00AA67BF /* AppDelegate.swift */; };
		F88E60351D9D6F1D00AA67BF /* PDFViewController.swift in Sources */ = {isa = PBXBuildFile; fileRef = F88E60341D9D6F1D00AA67BF /* PDFViewController.swift */; };
		F88E603A1D9D6F1D00AA67BF /* Assets.xcassets in Resources */ = {isa = PBXBuildFile; fileRef = F88E60391D9D6F1D00AA67BF /* Assets.xcassets */; };
		F88E60611D9D6F3E00AA67BF /* PSPDFKit.framework in Frameworks */ = {isa = PBXBuildFile; fileRef = F88E60601D9D6F3E00AA67BF /* PSPDFKit.framework */; };
		F88E60661D9D6FA900AA67BF /* PSPDFKit.framework in Embed Frameworks */ = {isa = PBXBuildFile; fileRef = F88E60601D9D6F3E00AA67BF /* PSPDFKit.framework */; settings = {ATTRIBUTES = (CodeSignOnCopy, RemoveHeadersOnCopy, ); }; };
		F88E60691D9D71E400AA67BF /* PSPDFKit 6 QuickStart Guide.pdf in Resources */ = {isa = PBXBuildFile; fileRef = F88E60631D9D6F5700AA67BF /* PSPDFKit 6 QuickStart Guide.pdf */; };
		F88E60711D9E512A00AA67BF /* LaunchScreen.storyboard in Resources */ = {isa = PBXBuildFile; fileRef = F88E606E1D9E512A00AA67BF /* LaunchScreen.storyboard */; };
		F88E60721D9E512A00AA67BF /* Main.storyboard in Resources */ = {isa = PBXBuildFile; fileRef = F88E606F1D9E512A00AA67BF /* Main.storyboard */; };
		F88E65411D9E5A9C00AA67BF /* PSPDFKit.framework in Frameworks */ = {isa = PBXBuildFile; fileRef = F88E60601D9D6F3E00AA67BF /* PSPDFKit.framework */; };
		F88E65741D9E63B400AA67BF /* UITestingKIFTests.swift in Sources */ = {isa = PBXBuildFile; fileRef = F88E65731D9E63B400AA67BF /* UITestingKIFTests.swift */; };
		F88E68CE1D9E65E500AA67BF /* libKIF.a in Frameworks */ = {isa = PBXBuildFile; fileRef = F88E68C31D9E65B800AA67BF /* libKIF.a */; };
		F88E68D11D9E66CC00AA67BF /* CoreGraphics.framework in Frameworks */ = {isa = PBXBuildFile; fileRef = F88E68D01D9E66CC00AA67BF /* CoreGraphics.framework */; };
		F88E68D31D9E66D600AA67BF /* QuartzCore.framework in Frameworks */ = {isa = PBXBuildFile; fileRef = F88E68D21D9E66D600AA67BF /* QuartzCore.framework */; };
		F88E68D51D9E67C900AA67BF /* UITestingEarlGreyTests.swift in Sources */ = {isa = PBXBuildFile; fileRef = F88E68D41D9E67C900AA67BF /* UITestingEarlGreyTests.swift */; };
		F88E68D71D9E680500AA67BF /* UITestingXCUITests.swift in Sources */ = {isa = PBXBuildFile; fileRef = F88E686D1D9E64BD00AA67BF /* UITestingXCUITests.swift */; };
		F88E68F01D9E6AA200AA67BF /* EarlGrey.swift in Sources */ = {isa = PBXBuildFile; fileRef = F88E68EF1D9E6AA200AA67BF /* EarlGrey.swift */; };
		F88E68F21D9E6AB000AA67BF /* XCTestCaseKIFExtensions.swift in Sources */ = {isa = PBXBuildFile; fileRef = F88E68F11D9E6AB000AA67BF /* XCTestCaseKIFExtensions.swift */; };
		F8B462991D9E6D710052E5D5 /* EarlGrey.framework in Frameworks */ = {isa = PBXBuildFile; fileRef = F88E68731D9E64BE00AA67BF /* EarlGrey.framework */; };
/* End PBXBuildFile section */

/* Begin PBXContainerItemProxy section */
		F88E60441D9D6F1D00AA67BF /* PBXContainerItemProxy */ = {
			isa = PBXContainerItemProxy;
			containerPortal = F88E60271D9D6F1D00AA67BF /* Project object */;
			proxyType = 1;
			remoteGlobalIDString = F88E602E1D9D6F1D00AA67BF;
			remoteInfo = UITestingComparison;
		};
		F88E604F1D9D6F1D00AA67BF /* PBXContainerItemProxy */ = {
			isa = PBXContainerItemProxy;
			containerPortal = F88E60271D9D6F1D00AA67BF /* Project object */;
			proxyType = 1;
			remoteGlobalIDString = F88E602E1D9D6F1D00AA67BF;
			remoteInfo = UITestingComparison;
		};
		F88E65761D9E63B400AA67BF /* PBXContainerItemProxy */ = {
			isa = PBXContainerItemProxy;
			containerPortal = F88E60271D9D6F1D00AA67BF /* Project object */;
			proxyType = 1;
			remoteGlobalIDString = F88E602E1D9D6F1D00AA67BF;
			remoteInfo = UITestingComparison;
		};
		F88E68721D9E64BE00AA67BF /* PBXContainerItemProxy */ = {
			isa = PBXContainerItemProxy;
			containerPortal = F88E664B1D9E64BC00AA67BF /* EarlGrey.xcodeproj */;
			proxyType = 2;
			remoteGlobalIDString = FD1000E91C5B466F00B2DB0A;
			remoteInfo = EarlGrey;
		};
		F88E68C21D9E65B800AA67BF /* PBXContainerItemProxy */ = {
			isa = PBXContainerItemProxy;
			containerPortal = F88E68B81D9E65B800AA67BF /* KIF.xcodeproj */;
			proxyType = 2;
			remoteGlobalIDString = EABD46AA1857A0C700A5F081;
			remoteInfo = KIF;
		};
		F88E68C41D9E65B800AA67BF /* PBXContainerItemProxy */ = {
			isa = PBXContainerItemProxy;
			containerPortal = F88E68B81D9E65B800AA67BF /* KIF.xcodeproj */;
			proxyType = 2;
			remoteGlobalIDString = EB60ECC1177F8C83005A041A;
			remoteInfo = "Test Host";
		};
		F88E68C61D9E65B800AA67BF /* PBXContainerItemProxy */ = {
			isa = PBXContainerItemProxy;
			containerPortal = F88E68B81D9E65B800AA67BF /* KIF.xcodeproj */;
			proxyType = 2;
			remoteGlobalIDString = EABD46CD1857A0F300A5F081;
			remoteInfo = "KIF Tests";
		};
		F88E68C81D9E65B800AA67BF /* PBXContainerItemProxy */ = {
			isa = PBXContainerItemProxy;
			containerPortal = F88E68B81D9E65B800AA67BF /* KIF.xcodeproj */;
			proxyType = 2;
			remoteGlobalIDString = 9CC9673B1AD4B1B600576D13;
			remoteInfo = KIFFramework;
		};
		F88E68CA1D9E65B800AA67BF /* PBXContainerItemProxy */ = {
			isa = PBXContainerItemProxy;
			containerPortal = F88E68B81D9E65B800AA67BF /* KIF.xcodeproj */;
			proxyType = 2;
			remoteGlobalIDString = FAB89FFC1CAC546900C6DFC1;
			remoteInfo = KIFFrameworkConsumer;
		};
		F88E68CC1D9E65B800AA67BF /* PBXContainerItemProxy */ = {
			isa = PBXContainerItemProxy;
			containerPortal = F88E68B81D9E65B800AA67BF /* KIF.xcodeproj */;
			proxyType = 2;
			remoteGlobalIDString = FAB8A0141CAC546A00C6DFC1;
			remoteInfo = KIFFrameworkConsumerTests;
		};
		F8B4628F1D9E6D6C0052E5D5 /* PBXContainerItemProxy */ = {
			isa = PBXContainerItemProxy;
			containerPortal = F88E664B1D9E64BC00AA67BF /* EarlGrey.xcodeproj */;
			proxyType = 1;
			remoteGlobalIDString = FD1000E81C5B466F00B2DB0A;
			remoteInfo = EarlGrey;
		};
/* End PBXContainerItemProxy section */

/* Begin PBXCopyFilesBuildPhase section */
		F88E60671D9D6FA900AA67BF /* Embed Frameworks */ = {
			isa = PBXCopyFilesBuildPhase;
			buildActionMask = 2147483647;
			dstPath = "";
			dstSubfolderSpec = 10;
			files = (
				F88E60661D9D6FA900AA67BF /* PSPDFKit.framework in Embed Frameworks */,
			);
			name = "Embed Frameworks";
			runOnlyForDeploymentPostprocessing = 0;
		};
		F88E65231D9E545E00AA67BF /* EarlGrey Copy Files */ = {
			isa = PBXCopyFilesBuildPhase;
			buildActionMask = 2147483647;
			dstPath = "$(TEST_HOST)/..";
			dstSubfolderSpec = 0;
			files = (
			);
			name = "EarlGrey Copy Files";
			runOnlyForDeploymentPostprocessing = 0;
		};
/* End PBXCopyFilesBuildPhase section */

/* Begin PBXFileReference section */
		38C094E020C3195592877570 /* EarlGrey.framework */ = {isa = PBXFileReference; lastKnownFileType = wrapper.framework; name = EarlGrey.framework; path = "${SRCROOT}/Pods/EarlGrey/EarlGrey/EarlGrey.framework"; sourceTree = SRCROOT; };
		F853DA921D9E9ACA00579162 /* UITestingXCUITests-Bridging-Header.h */ = {isa = PBXFileReference; fileEncoding = 4; lastKnownFileType = sourcecode.c.h; path = "UITestingXCUITests-Bridging-Header.h"; sourceTree = "<group>"; };
		F853DA941D9E9B3400579162 /* PSPDFTestAdditions.h */ = {isa = PBXFileReference; fileEncoding = 4; lastKnownFileType = sourcecode.c.h; path = PSPDFTestAdditions.h; sourceTree = "<group>"; };
		F853DA951D9E9B3400579162 /* PSPDFTestAdditions.mm */ = {isa = PBXFileReference; fileEncoding = 4; lastKnownFileType = sourcecode.cpp.objcpp; path = PSPDFTestAdditions.mm; sourceTree = "<group>"; };
		F853DA961D9E9B3400579162 /* PSPDFTestCase.h */ = {isa = PBXFileReference; fileEncoding = 4; lastKnownFileType = sourcecode.c.h; path = PSPDFTestCase.h; sourceTree = "<group>"; };
		F853DA971D9E9B3400579162 /* PSPDTestCase.m */ = {isa = PBXFileReference; fileEncoding = 4; lastKnownFileType = sourcecode.c.objc; path = PSPDTestCase.m; sourceTree = "<group>"; };
		F88E602F1D9D6F1D00AA67BF /* UITestingComparison.app */ = {isa = PBXFileReference; explicitFileType = wrapper.application; includeInIndex = 0; path = UITestingComparison.app; sourceTree = BUILT_PRODUCTS_DIR; };
		F88E60321D9D6F1D00AA67BF /* AppDelegate.swift */ = {isa = PBXFileReference; lastKnownFileType = sourcecode.swift; path = AppDelegate.swift; sourceTree = "<group>"; };
		F88E60341D9D6F1D00AA67BF /* PDFViewController.swift */ = {isa = PBXFileReference; lastKnownFileType = sourcecode.swift; path = PDFViewController.swift; sourceTree = "<group>"; };
		F88E60391D9D6F1D00AA67BF /* Assets.xcassets */ = {isa = PBXFileReference; lastKnownFileType = folder.assetcatalog; path = Assets.xcassets; sourceTree = "<group>"; };
		F88E60431D9D6F1D00AA67BF /* UITestingEarlGreyTests.xctest */ = {isa = PBXFileReference; explicitFileType = wrapper.cfbundle; includeInIndex = 0; path = UITestingEarlGreyTests.xctest; sourceTree = BUILT_PRODUCTS_DIR; };
		F88E604E1D9D6F1D00AA67BF /* UITestingXCUITests.xctest */ = {isa = PBXFileReference; explicitFileType = wrapper.cfbundle; includeInIndex = 0; path = UITestingXCUITests.xctest; sourceTree = BUILT_PRODUCTS_DIR; };
		F88E60601D9D6F3E00AA67BF /* PSPDFKit.framework */ = {isa = PBXFileReference; lastKnownFileType = wrapper.framework; path = PSPDFKit.framework; sourceTree = SOURCE_ROOT; };
		F88E60631D9D6F5700AA67BF /* PSPDFKit 6 QuickStart Guide.pdf */ = {isa = PBXFileReference; lastKnownFileType = image.pdf; path = "PSPDFKit 6 QuickStart Guide.pdf"; sourceTree = "<group>"; };
		F88E606D1D9E512A00AA67BF /* Info.plist */ = {isa = PBXFileReference; fileEncoding = 4; lastKnownFileType = text.plist.xml; path = Info.plist; sourceTree = "<group>"; };
		F88E606E1D9E512A00AA67BF /* LaunchScreen.storyboard */ = {isa = PBXFileReference; fileEncoding = 4; lastKnownFileType = file.storyboard; path = LaunchScreen.storyboard; sourceTree = "<group>"; };
		F88E606F1D9E512A00AA67BF /* Main.storyboard */ = {isa = PBXFileReference; fileEncoding = 4; lastKnownFileType = file.storyboard; path = Main.storyboard; sourceTree = "<group>"; };
		F88E65711D9E63B400AA67BF /* UITestingKIFTests.xctest */ = {isa = PBXFileReference; explicitFileType = wrapper.cfbundle; includeInIndex = 0; path = UITestingKIFTests.xctest; sourceTree = BUILT_PRODUCTS_DIR; };
		F88E65731D9E63B400AA67BF /* UITestingKIFTests.swift */ = {isa = PBXFileReference; lastKnownFileType = sourcecode.swift; path = UITestingKIFTests.swift; sourceTree = "<group>"; };
		F88E65751D9E63B400AA67BF /* Info.plist */ = {isa = PBXFileReference; lastKnownFileType = text.plist.xml; path = Info.plist; sourceTree = "<group>"; };
		F88E657D1D9E64BC00AA67BF /* BridgingHeader.h */ = {isa = PBXFileReference; lastKnownFileType = sourcecode.c.h; path = BridgingHeader.h; sourceTree = "<group>"; };
		F88E657E1D9E64BC00AA67BF /* Info.plist */ = {isa = PBXFileReference; lastKnownFileType = text.plist.xml; path = Info.plist; sourceTree = "<group>"; };
		F88E664B1D9E64BC00AA67BF /* EarlGrey.xcodeproj */ = {isa = PBXFileReference; lastKnownFileType = "wrapper.pb-project"; path = EarlGrey.xcodeproj; sourceTree = "<group>"; };
		F88E686C1D9E64BD00AA67BF /* Info.plist */ = {isa = PBXFileReference; lastKnownFileType = text.plist.xml; path = Info.plist; sourceTree = "<group>"; };
		F88E686D1D9E64BD00AA67BF /* UITestingXCUITests.swift */ = {isa = PBXFileReference; lastKnownFileType = sourcecode.swift; path = UITestingXCUITests.swift; sourceTree = "<group>"; };
		F88E68B81D9E65B800AA67BF /* KIF.xcodeproj */ = {isa = PBXFileReference; lastKnownFileType = "wrapper.pb-project"; name = KIF.xcodeproj; path = Vendor/KIF/KIF.xcodeproj; sourceTree = "<group>"; };
		F88E68D01D9E66CC00AA67BF /* CoreGraphics.framework */ = {isa = PBXFileReference; lastKnownFileType = wrapper.framework; name = CoreGraphics.framework; path = System/Library/Frameworks/CoreGraphics.framework; sourceTree = SDKROOT; };
		F88E68D21D9E66D600AA67BF /* QuartzCore.framework */ = {isa = PBXFileReference; lastKnownFileType = wrapper.framework; name = QuartzCore.framework; path = System/Library/Frameworks/QuartzCore.framework; sourceTree = SDKROOT; };
		F88E68D41D9E67C900AA67BF /* UITestingEarlGreyTests.swift */ = {isa = PBXFileReference; fileEncoding = 4; lastKnownFileType = sourcecode.swift; path = UITestingEarlGreyTests.swift; sourceTree = "<group>"; };
		F88E68EC1D9E685A00AA67BF /* BridgingHeader.h */ = {isa = PBXFileReference; lastKnownFileType = sourcecode.c.h; path = BridgingHeader.h; sourceTree = "<group>"; };
		F88E68EF1D9E6AA200AA67BF /* EarlGrey.swift */ = {isa = PBXFileReference; fileEncoding = 4; lastKnownFileType = sourcecode.swift; path = EarlGrey.swift; sourceTree = "<group>"; };
		F88E68F11D9E6AB000AA67BF /* XCTestCaseKIFExtensions.swift */ = {isa = PBXFileReference; fileEncoding = 4; lastKnownFileType = sourcecode.swift; path = XCTestCaseKIFExtensions.swift; sourceTree = "<group>"; };
/* End PBXFileReference section */

/* Begin PBXFrameworksBuildPhase section */
		F88E602C1D9D6F1D00AA67BF /* Frameworks */ = {
			isa = PBXFrameworksBuildPhase;
			buildActionMask = 2147483647;
			files = (
				F88E60611D9D6F3E00AA67BF /* PSPDFKit.framework in Frameworks */,
			);
			runOnlyForDeploymentPostprocessing = 0;
		};
		F88E60401D9D6F1D00AA67BF /* Frameworks */ = {
			isa = PBXFrameworksBuildPhase;
			buildActionMask = 2147483647;
			files = (
				F8B462991D9E6D710052E5D5 /* EarlGrey.framework in Frameworks */,
				F88E65411D9E5A9C00AA67BF /* PSPDFKit.framework in Frameworks */,
			);
			runOnlyForDeploymentPostprocessing = 0;
		};
		F88E604B1D9D6F1D00AA67BF /* Frameworks */ = {
			isa = PBXFrameworksBuildPhase;
			buildActionMask = 2147483647;
			files = (
				F853DA811D9E911E00579162 /* PSPDFKit.framework in Frameworks */,
			);
			runOnlyForDeploymentPostprocessing = 0;
		};
		F88E656E1D9E63B400AA67BF /* Frameworks */ = {
			isa = PBXFrameworksBuildPhase;
			buildActionMask = 2147483647;
			files = (
				F88E68D31D9E66D600AA67BF /* QuartzCore.framework in Frameworks */,
				F88E68D11D9E66CC00AA67BF /* CoreGraphics.framework in Frameworks */,
				F88E68CE1D9E65E500AA67BF /* libKIF.a in Frameworks */,
				F853DA801D9E911E00579162 /* PSPDFKit.framework in Frameworks */,
			);
			runOnlyForDeploymentPostprocessing = 0;
		};
/* End PBXFrameworksBuildPhase section */

/* Begin PBXGroup section */
		F853DA911D9E974A00579162 /* Resources */ = {
			isa = PBXGroup;
			children = (
				F88E686C1D9E64BD00AA67BF /* Info.plist */,
				F853DA921D9E9ACA00579162 /* UITestingXCUITests-Bridging-Header.h */,
			);
			name = Resources;
			sourceTree = "<group>";
		};
		F853DA931D9E9B3400579162 /* Helper */ = {
			isa = PBXGroup;
			children = (
				F853DA941D9E9B3400579162 /* PSPDFTestAdditions.h */,
				F853DA951D9E9B3400579162 /* PSPDFTestAdditions.mm */,
				F853DA961D9E9B3400579162 /* PSPDFTestCase.h */,
				F853DA971D9E9B3400579162 /* PSPDTestCase.m */,
			);
			path = Helper;
			sourceTree = "<group>";
		};
		F88E60261D9D6F1D00AA67BF = {
			isa = PBXGroup;
			children = (
				F853DA931D9E9B3400579162 /* Helper */,
				F88E60311D9D6F1D00AA67BF /* UITestingComparison */,
				F88E657C1D9E64BC00AA67BF /* UITestingEarlGreyTests */,
				F88E65721D9E63B400AA67BF /* UITestingKIFTests */,
				F88E686B1D9E64BD00AA67BF /* UITestingXCUITests */,
				F88E60301D9D6F1D00AA67BF /* Products */,
				F88E68CF1D9E66CC00AA67BF /* Frameworks */,
			);
			sourceTree = "<group>";
		};
		F88E60301D9D6F1D00AA67BF /* Products */ = {
			isa = PBXGroup;
			children = (
				F88E602F1D9D6F1D00AA67BF /* UITestingComparison.app */,
				F88E60431D9D6F1D00AA67BF /* UITestingEarlGreyTests.xctest */,
				F88E604E1D9D6F1D00AA67BF /* UITestingXCUITests.xctest */,
				38C094E020C3195592877570 /* EarlGrey.framework */,
				F88E65711D9E63B400AA67BF /* UITestingKIFTests.xctest */,
			);
			name = Products;
			sourceTree = "<group>";
		};
		F88E60311D9D6F1D00AA67BF /* UITestingComparison */ = {
			isa = PBXGroup;
			children = (
				F88E60321D9D6F1D00AA67BF /* AppDelegate.swift */,
				F88E60341D9D6F1D00AA67BF /* PDFViewController.swift */,
				F88E60391D9D6F1D00AA67BF /* Assets.xcassets */,
				F88E60621D9D6F5700AA67BF /* Resources */,
				F88E60601D9D6F3E00AA67BF /* PSPDFKit.framework */,
			);
			path = UITestingComparison;
			sourceTree = "<group>";
		};
		F88E60621D9D6F5700AA67BF /* Resources */ = {
			isa = PBXGroup;
			children = (
				F88E60631D9D6F5700AA67BF /* PSPDFKit 6 QuickStart Guide.pdf */,
				F88E606D1D9E512A00AA67BF /* Info.plist */,
				F88E606E1D9E512A00AA67BF /* LaunchScreen.storyboard */,
				F88E606F1D9E512A00AA67BF /* Main.storyboard */,
			);
			path = Resources;
			sourceTree = "<group>";
		};
		F88E65721D9E63B400AA67BF /* UITestingKIFTests */ = {
			isa = PBXGroup;
			children = (
				F88E65731D9E63B400AA67BF /* UITestingKIFTests.swift */,
				F88E68F11D9E6AB000AA67BF /* XCTestCaseKIFExtensions.swift */,
				F8B4629B1D9E6DCD0052E5D5 /* Resources */,
				F88E68B61D9E657B00AA67BF /* Vendor */,
			);
			path = UITestingKIFTests;
			sourceTree = "<group>";
		};
		F88E657C1D9E64BC00AA67BF /* UITestingEarlGreyTests */ = {
			isa = PBXGroup;
			children = (
				F88E68D41D9E67C900AA67BF /* UITestingEarlGreyTests.swift */,
				F88E68EF1D9E6AA200AA67BF /* EarlGrey.swift */,
				F8B4629A1D9E6DC10052E5D5 /* Resources */,
				F88E65801D9E64BC00AA67BF /* Vendor */,
			);
			path = UITestingEarlGreyTests;
			sourceTree = "<group>";
		};
		F88E65801D9E64BC00AA67BF /* Vendor */ = {
			isa = PBXGroup;
			children = (
				F88E65811D9E64BC00AA67BF /* EarlGrey */,
			);
			path = Vendor;
			sourceTree = "<group>";
		};
		F88E65811D9E64BC00AA67BF /* EarlGrey */ = {
			isa = PBXGroup;
			children = (
				F88E664B1D9E64BC00AA67BF /* EarlGrey.xcodeproj */,
			);
			path = EarlGrey;
			sourceTree = "<group>";
		};
		F88E664C1D9E64BC00AA67BF /* Products */ = {
			isa = PBXGroup;
			children = (
				F88E68731D9E64BE00AA67BF /* EarlGrey.framework */,
			);
			name = Products;
			sourceTree = "<group>";
		};
		F88E686B1D9E64BD00AA67BF /* UITestingXCUITests */ = {
			isa = PBXGroup;
			children = (
				F88E686D1D9E64BD00AA67BF /* UITestingXCUITests.swift */,
				F853DA911D9E974A00579162 /* Resources */,
			);
			path = UITestingXCUITests;
			sourceTree = "<group>";
		};
		F88E68B61D9E657B00AA67BF /* Vendor */ = {
			isa = PBXGroup;
			children = (
				F88E68B71D9E659600AA67BF /* KIF */,
			);
			name = Vendor;
			sourceTree = "<group>";
		};
		F88E68B71D9E659600AA67BF /* KIF */ = {
			isa = PBXGroup;
			children = (
				F88E68B81D9E65B800AA67BF /* KIF.xcodeproj */,
			);
			name = KIF;
			sourceTree = "<group>";
		};
		F88E68B91D9E65B800AA67BF /* Products */ = {
			isa = PBXGroup;
			children = (
				F88E68C31D9E65B800AA67BF /* libKIF.a */,
				F88E68C51D9E65B800AA67BF /* Test Host.app */,
				F88E68C71D9E65B800AA67BF /* KIF Tests - XCTest.xctest */,
				F88E68C91D9E65B800AA67BF /* KIF.framework */,
				F88E68CB1D9E65B800AA67BF /* KIFFrameworkConsumer.app */,
				F88E68CD1D9E65B800AA67BF /* KIFFrameworkConsumerTests.xctest */,
			);
			name = Products;
			sourceTree = "<group>";
		};
		F88E68CF1D9E66CC00AA67BF /* Frameworks */ = {
			isa = PBXGroup;
			children = (
				F88E68D21D9E66D600AA67BF /* QuartzCore.framework */,
				F88E68D01D9E66CC00AA67BF /* CoreGraphics.framework */,
			);
			name = Frameworks;
			sourceTree = "<group>";
		};
		F8B4629A1D9E6DC10052E5D5 /* Resources */ = {
			isa = PBXGroup;
			children = (
				F88E657D1D9E64BC00AA67BF /* BridgingHeader.h */,
				F88E657E1D9E64BC00AA67BF /* Info.plist */,
			);
			name = Resources;
			sourceTree = "<group>";
		};
		F8B4629B1D9E6DCD0052E5D5 /* Resources */ = {
			isa = PBXGroup;
			children = (
				F88E68EC1D9E685A00AA67BF /* BridgingHeader.h */,
				F88E65751D9E63B400AA67BF /* Info.plist */,
			);
			name = Resources;
			sourceTree = "<group>";
		};
/* End PBXGroup section */

/* Begin PBXNativeTarget section */
		F88E602E1D9D6F1D00AA67BF /* UITestingComparison */ = {
			isa = PBXNativeTarget;
			buildConfigurationList = F88E60571D9D6F1D00AA67BF /* Build configuration list for PBXNativeTarget "UITestingComparison" */;
			buildPhases = (
				F88E602B1D9D6F1D00AA67BF /* Sources */,
				F88E602C1D9D6F1D00AA67BF /* Frameworks */,
				F88E602D1D9D6F1D00AA67BF /* Resources */,
				F88E60671D9D6FA900AA67BF /* Embed Frameworks */,
			);
			buildRules = (
			);
			dependencies = (
			);
			name = UITestingComparison;
			productName = UITestingComparison;
			productReference = F88E602F1D9D6F1D00AA67BF /* UITestingComparison.app */;
			productType = "com.apple.product-type.application";
		};
		F88E60421D9D6F1D00AA67BF /* UITestingEarlGreyTests */ = {
			isa = PBXNativeTarget;
			buildConfigurationList = F88E605A1D9D6F1D00AA67BF /* Build configuration list for PBXNativeTarget "UITestingEarlGreyTests" */;
			buildPhases = (
				F88E603F1D9D6F1D00AA67BF /* Sources */,
				F88E60401D9D6F1D00AA67BF /* Frameworks */,
				F88E60411D9D6F1D00AA67BF /* Resources */,
				F88E65231D9E545E00AA67BF /* EarlGrey Copy Files */,
			);
			buildRules = (
			);
			dependencies = (
				F8B462901D9E6D6C0052E5D5 /* PBXTargetDependency */,
				F88E60451D9D6F1D00AA67BF /* PBXTargetDependency */,
			);
			name = UITestingEarlGreyTests;
			productName = UITestingComparisonTests;
			productReference = F88E60431D9D6F1D00AA67BF /* UITestingEarlGreyTests.xctest */;
			productType = "com.apple.product-type.bundle.unit-test";
		};
		F88E604D1D9D6F1D00AA67BF /* UITestingXCUITests */ = {
			isa = PBXNativeTarget;
			buildConfigurationList = F88E605D1D9D6F1D00AA67BF /* Build configuration list for PBXNativeTarget "UITestingXCUITests" */;
			buildPhases = (
				F88E604A1D9D6F1D00AA67BF /* Sources */,
				F88E604B1D9D6F1D00AA67BF /* Frameworks */,
				F88E604C1D9D6F1D00AA67BF /* Resources */,
			);
			buildRules = (
			);
			dependencies = (
				F88E60501D9D6F1D00AA67BF /* PBXTargetDependency */,
			);
			name = UITestingXCUITests;
			productName = UITestingComparisonUITests;
			productReference = F88E604E1D9D6F1D00AA67BF /* UITestingXCUITests.xctest */;
			productType = "com.apple.product-type.bundle.ui-testing";
		};
		F88E65701D9E63B400AA67BF /* UITestingKIFTests */ = {
			isa = PBXNativeTarget;
			buildConfigurationList = F88E65781D9E63B400AA67BF /* Build configuration list for PBXNativeTarget "UITestingKIFTests" */;
			buildPhases = (
				F88E656D1D9E63B400AA67BF /* Sources */,
				F88E656E1D9E63B400AA67BF /* Frameworks */,
				F88E656F1D9E63B400AA67BF /* Resources */,
			);
			buildRules = (
			);
			dependencies = (
				F88E65771D9E63B400AA67BF /* PBXTargetDependency */,
			);
			name = UITestingKIFTests;
			productName = UITestingKIFTests;
			productReference = F88E65711D9E63B400AA67BF /* UITestingKIFTests.xctest */;
			productType = "com.apple.product-type.bundle.unit-test";
		};
/* End PBXNativeTarget section */

/* Begin PBXProject section */
		F88E60271D9D6F1D00AA67BF /* Project object */ = {
			isa = PBXProject;
			attributes = {
				LastSwiftUpdateCheck = 0800;
				LastUpgradeCheck = 0810;
				ORGANIZATIONNAME = PSPDFKit;
				TargetAttributes = {
					F88E602E1D9D6F1D00AA67BF = {
						CreatedOnToolsVersion = 8.0;
						DevelopmentTeam = QVLS8TQV4M;
						ProvisioningStyle = Automatic;
					};
					F88E60421D9D6F1D00AA67BF = {
						CreatedOnToolsVersion = 8.0;
						DevelopmentTeam = QVLS8TQV4M;
						ProvisioningStyle = Automatic;
						TestTargetID = F88E602E1D9D6F1D00AA67BF;
					};
					F88E604D1D9D6F1D00AA67BF = {
						CreatedOnToolsVersion = 8.0;
						DevelopmentTeam = QVLS8TQV4M;
						LastSwiftMigration = 0800;
						ProvisioningStyle = Automatic;
						TestTargetID = F88E602E1D9D6F1D00AA67BF;
					};
					F88E65701D9E63B400AA67BF = {
						CreatedOnToolsVersion = 8.0;
						DevelopmentTeam = QVLS8TQV4M;
						ProvisioningStyle = Automatic;
						TestTargetID = F88E602E1D9D6F1D00AA67BF;
					};
				};
			};
			buildConfigurationList = F88E602A1D9D6F1D00AA67BF /* Build configuration list for PBXProject "UITestingComparison" */;
			compatibilityVersion = "Xcode 3.2";
			developmentRegion = English;
			hasScannedForEncodings = 0;
			knownRegions = (
				en,
				Base,
			);
			mainGroup = F88E60261D9D6F1D00AA67BF;
			productRefGroup = F88E60301D9D6F1D00AA67BF /* Products */;
			projectDirPath = "";
			projectReferences = (
				{
					ProductGroup = F88E664C1D9E64BC00AA67BF /* Products */;
					ProjectRef = F88E664B1D9E64BC00AA67BF /* EarlGrey.xcodeproj */;
				},
				{
					ProductGroup = F88E68B91D9E65B800AA67BF /* Products */;
					ProjectRef = F88E68B81D9E65B800AA67BF /* KIF.xcodeproj */;
				},
			);
			projectRoot = "";
			targets = (
				F88E602E1D9D6F1D00AA67BF /* UITestingComparison */,
				F88E60421D9D6F1D00AA67BF /* UITestingEarlGreyTests */,
				F88E65701D9E63B400AA67BF /* UITestingKIFTests */,
				F88E604D1D9D6F1D00AA67BF /* UITestingXCUITests */,
			);
		};
/* End PBXProject section */

/* Begin PBXReferenceProxy section */
		F88E68731D9E64BE00AA67BF /* EarlGrey.framework */ = {
			isa = PBXReferenceProxy;
			fileType = wrapper.framework;
			path = EarlGrey.framework;
			remoteRef = F88E68721D9E64BE00AA67BF /* PBXContainerItemProxy */;
			sourceTree = BUILT_PRODUCTS_DIR;
		};
		F88E68C31D9E65B800AA67BF /* libKIF.a */ = {
			isa = PBXReferenceProxy;
			fileType = archive.ar;
			path = libKIF.a;
			remoteRef = F88E68C21D9E65B800AA67BF /* PBXContainerItemProxy */;
			sourceTree = BUILT_PRODUCTS_DIR;
		};
		F88E68C51D9E65B800AA67BF /* Test Host.app */ = {
			isa = PBXReferenceProxy;
			fileType = wrapper.application;
			path = "Test Host.app";
			remoteRef = F88E68C41D9E65B800AA67BF /* PBXContainerItemProxy */;
			sourceTree = BUILT_PRODUCTS_DIR;
		};
		F88E68C71D9E65B800AA67BF /* KIF Tests - XCTest.xctest */ = {
			isa = PBXReferenceProxy;
			fileType = wrapper.cfbundle;
			path = "KIF Tests - XCTest.xctest";
			remoteRef = F88E68C61D9E65B800AA67BF /* PBXContainerItemProxy */;
			sourceTree = BUILT_PRODUCTS_DIR;
		};
		F88E68C91D9E65B800AA67BF /* KIF.framework */ = {
			isa = PBXReferenceProxy;
			fileType = wrapper.framework;
			path = KIF.framework;
			remoteRef = F88E68C81D9E65B800AA67BF /* PBXContainerItemProxy */;
			sourceTree = BUILT_PRODUCTS_DIR;
		};
		F88E68CB1D9E65B800AA67BF /* KIFFrameworkConsumer.app */ = {
			isa = PBXReferenceProxy;
			fileType = wrapper.application;
			path = KIFFrameworkConsumer.app;
			remoteRef = F88E68CA1D9E65B800AA67BF /* PBXContainerItemProxy */;
			sourceTree = BUILT_PRODUCTS_DIR;
		};
		F88E68CD1D9E65B800AA67BF /* KIFFrameworkConsumerTests.xctest */ = {
			isa = PBXReferenceProxy;
			fileType = wrapper.cfbundle;
			path = KIFFrameworkConsumerTests.xctest;
			remoteRef = F88E68CC1D9E65B800AA67BF /* PBXContainerItemProxy */;
			sourceTree = BUILT_PRODUCTS_DIR;
		};
/* End PBXReferenceProxy section */

/* Begin PBXResourcesBuildPhase section */
		F88E602D1D9D6F1D00AA67BF /* Resources */ = {
			isa = PBXResourcesBuildPhase;
			buildActionMask = 2147483647;
			files = (
				F88E60721D9E512A00AA67BF /* Main.storyboard in Resources */,
				F88E60691D9D71E400AA67BF /* PSPDFKit 6 QuickStart Guide.pdf in Resources */,
				F88E603A1D9D6F1D00AA67BF /* Assets.xcassets in Resources */,
				F88E60711D9E512A00AA67BF /* LaunchScreen.storyboard in Resources */,
			);
			runOnlyForDeploymentPostprocessing = 0;
		};
		F88E60411D9D6F1D00AA67BF /* Resources */ = {
			isa = PBXResourcesBuildPhase;
			buildActionMask = 2147483647;
			files = (
			);
			runOnlyForDeploymentPostprocessing = 0;
		};
		F88E604C1D9D6F1D00AA67BF /* Resources */ = {
			isa = PBXResourcesBuildPhase;
			buildActionMask = 2147483647;
			files = (
			);
			runOnlyForDeploymentPostprocessing = 0;
		};
		F88E656F1D9E63B400AA67BF /* Resources */ = {
			isa = PBXResourcesBuildPhase;
			buildActionMask = 2147483647;
			files = (
			);
			runOnlyForDeploymentPostprocessing = 0;
		};
/* End PBXResourcesBuildPhase section */

/* Begin PBXSourcesBuildPhase section */
		F88E602B1D9D6F1D00AA67BF /* Sources */ = {
			isa = PBXSourcesBuildPhase;
			buildActionMask = 2147483647;
			files = (
				F88E60351D9D6F1D00AA67BF /* PDFViewController.swift in Sources */,
				F88E60331D9D6F1D00AA67BF /* AppDelegate.swift in Sources */,
			);
			runOnlyForDeploymentPostprocessing = 0;
		};
		F88E603F1D9D6F1D00AA67BF /* Sources */ = {
			isa = PBXSourcesBuildPhase;
			buildActionMask = 2147483647;
			files = (
				F853DA9B1D9E9B3400579162 /* PSPDTestCase.m in Sources */,
				F88E68D51D9E67C900AA67BF /* UITestingEarlGreyTests.swift in Sources */,
				F853DA981D9E9B3400579162 /* PSPDFTestAdditions.mm in Sources */,
				F88E68F01D9E6AA200AA67BF /* EarlGrey.swift in Sources */,
			);
			runOnlyForDeploymentPostprocessing = 0;
		};
		F88E604A1D9D6F1D00AA67BF /* Sources */ = {
			isa = PBXSourcesBuildPhase;
			buildActionMask = 2147483647;
			files = (
				F853DA9D1D9E9B3400579162 /* PSPDTestCase.m in Sources */,
				F853DA9A1D9E9B3400579162 /* PSPDFTestAdditions.mm in Sources */,
				F88E68D71D9E680500AA67BF /* UITestingXCUITests.swift in Sources */,
			);
			runOnlyForDeploymentPostprocessing = 0;
		};
		F88E656D1D9E63B400AA67BF /* Sources */ = {
			isa = PBXSourcesBuildPhase;
			buildActionMask = 2147483647;
			files = (
				F853DA991D9E9B3400579162 /* PSPDFTestAdditions.mm in Sources */,
				F88E65741D9E63B400AA67BF /* UITestingKIFTests.swift in Sources */,
				F88E68F21D9E6AB000AA67BF /* XCTestCaseKIFExtensions.swift in Sources */,
				F853DA9C1D9E9B3400579162 /* PSPDTestCase.m in Sources */,
			);
			runOnlyForDeploymentPostprocessing = 0;
		};
/* End PBXSourcesBuildPhase section */

/* Begin PBXTargetDependency section */
		F88E60451D9D6F1D00AA67BF /* PBXTargetDependency */ = {
			isa = PBXTargetDependency;
			target = F88E602E1D9D6F1D00AA67BF /* UITestingComparison */;
			targetProxy = F88E60441D9D6F1D00AA67BF /* PBXContainerItemProxy */;
		};
		F88E60501D9D6F1D00AA67BF /* PBXTargetDependency */ = {
			isa = PBXTargetDependency;
			target = F88E602E1D9D6F1D00AA67BF /* UITestingComparison */;
			targetProxy = F88E604F1D9D6F1D00AA67BF /* PBXContainerItemProxy */;
		};
		F88E65771D9E63B400AA67BF /* PBXTargetDependency */ = {
			isa = PBXTargetDependency;
			target = F88E602E1D9D6F1D00AA67BF /* UITestingComparison */;
			targetProxy = F88E65761D9E63B400AA67BF /* PBXContainerItemProxy */;
		};
		F8B462901D9E6D6C0052E5D5 /* PBXTargetDependency */ = {
			isa = PBXTargetDependency;
			name = EarlGrey;
			targetProxy = F8B4628F1D9E6D6C0052E5D5 /* PBXContainerItemProxy */;
		};
/* End PBXTargetDependency section */

/* Begin XCBuildConfiguration section */
		F88E60551D9D6F1D00AA67BF /* Debug */ = {
			isa = XCBuildConfiguration;
			buildSettings = {
				ALWAYS_SEARCH_USER_PATHS = NO;
				CLANG_ANALYZER_NONNULL = YES;
				CLANG_CXX_LANGUAGE_STANDARD = "gnu++0x";
				CLANG_CXX_LIBRARY = "libc++";
				CLANG_ENABLE_MODULES = YES;
				CLANG_ENABLE_OBJC_ARC = YES;
				CLANG_WARN_BOOL_CONVERSION = YES;
				CLANG_WARN_CONSTANT_CONVERSION = YES;
				CLANG_WARN_DIRECT_OBJC_ISA_USAGE = YES_ERROR;
				CLANG_WARN_DOCUMENTATION_COMMENTS = YES;
				CLANG_WARN_EMPTY_BODY = YES;
				CLANG_WARN_ENUM_CONVERSION = YES;
				CLANG_WARN_INFINITE_RECURSION = YES;
				CLANG_WARN_INT_CONVERSION = YES;
				CLANG_WARN_OBJC_ROOT_CLASS = YES_ERROR;
				CLANG_WARN_SUSPICIOUS_MOVE = YES;
				CLANG_WARN_SUSPICIOUS_MOVES = YES;
				CLANG_WARN_UNREACHABLE_CODE = YES;
				CLANG_WARN__DUPLICATE_METHOD_MATCH = YES;
				"CODE_SIGN_IDENTITY[sdk=iphoneos*]" = "iPhone Developer";
				COPY_PHASE_STRIP = NO;
				DEBUG_INFORMATION_FORMAT = dwarf;
				ENABLE_STRICT_OBJC_MSGSEND = YES;
				ENABLE_TESTABILITY = YES;
				GCC_C_LANGUAGE_STANDARD = gnu99;
				GCC_DYNAMIC_NO_PIC = NO;
				GCC_NO_COMMON_BLOCKS = YES;
				GCC_OPTIMIZATION_LEVEL = 0;
				GCC_PREPROCESSOR_DEFINITIONS = (
					"DEBUG=1",
					"$(inherited)",
				);
				GCC_WARN_64_TO_32_BIT_CONVERSION = YES;
				GCC_WARN_ABOUT_RETURN_TYPE = YES_ERROR;
				GCC_WARN_UNDECLARED_SELECTOR = YES;
				GCC_WARN_UNINITIALIZED_AUTOS = YES_AGGRESSIVE;
				GCC_WARN_UNUSED_FUNCTION = YES;
				GCC_WARN_UNUSED_VARIABLE = YES;
				IPHONEOS_DEPLOYMENT_TARGET = 10.0;
				MTL_ENABLE_DEBUG_INFO = YES;
				ONLY_ACTIVE_ARCH = YES;
				SDKROOT = iphoneos;
				SWIFT_ACTIVE_COMPILATION_CONDITIONS = DEBUG;
				SWIFT_OPTIMIZATION_LEVEL = "-Onone";
				TARGETED_DEVICE_FAMILY = "1,2";
			};
			name = Debug;
		};
		F88E60561D9D6F1D00AA67BF /* Release */ = {
			isa = XCBuildConfiguration;
			buildSettings = {
				ALWAYS_SEARCH_USER_PATHS = NO;
				CLANG_ANALYZER_NONNULL = YES;
				CLANG_CXX_LANGUAGE_STANDARD = "gnu++0x";
				CLANG_CXX_LIBRARY = "libc++";
				CLANG_ENABLE_MODULES = YES;
				CLANG_ENABLE_OBJC_ARC = YES;
				CLANG_WARN_BOOL_CONVERSION = YES;
				CLANG_WARN_CONSTANT_CONVERSION = YES;
				CLANG_WARN_DIRECT_OBJC_ISA_USAGE = YES_ERROR;
				CLANG_WARN_DOCUMENTATION_COMMENTS = YES;
				CLANG_WARN_EMPTY_BODY = YES;
				CLANG_WARN_ENUM_CONVERSION = YES;
				CLANG_WARN_INFINITE_RECURSION = YES;
				CLANG_WARN_INT_CONVERSION = YES;
				CLANG_WARN_OBJC_ROOT_CLASS = YES_ERROR;
				CLANG_WARN_SUSPICIOUS_MOVE = YES;
				CLANG_WARN_SUSPICIOUS_MOVES = YES;
				CLANG_WARN_UNREACHABLE_CODE = YES;
				CLANG_WARN__DUPLICATE_METHOD_MATCH = YES;
				"CODE_SIGN_IDENTITY[sdk=iphoneos*]" = "iPhone Developer";
				COPY_PHASE_STRIP = NO;
				DEBUG_INFORMATION_FORMAT = "dwarf-with-dsym";
				ENABLE_NS_ASSERTIONS = NO;
				ENABLE_STRICT_OBJC_MSGSEND = YES;
				GCC_C_LANGUAGE_STANDARD = gnu99;
				GCC_NO_COMMON_BLOCKS = YES;
				GCC_WARN_64_TO_32_BIT_CONVERSION = YES;
				GCC_WARN_ABOUT_RETURN_TYPE = YES_ERROR;
				GCC_WARN_UNDECLARED_SELECTOR = YES;
				GCC_WARN_UNINITIALIZED_AUTOS = YES_AGGRESSIVE;
				GCC_WARN_UNUSED_FUNCTION = YES;
				GCC_WARN_UNUSED_VARIABLE = YES;
				IPHONEOS_DEPLOYMENT_TARGET = 10.0;
				MTL_ENABLE_DEBUG_INFO = NO;
				SDKROOT = iphoneos;
				SWIFT_OPTIMIZATION_LEVEL = "-Owholemodule";
				TARGETED_DEVICE_FAMILY = "1,2";
				VALIDATE_PRODUCT = YES;
			};
			name = Release;
		};
		F88E60581D9D6F1D00AA67BF /* Debug */ = {
			isa = XCBuildConfiguration;
			buildSettings = {
				ASSETCATALOG_COMPILER_APPICON_NAME = AppIcon;
				DEVELOPMENT_TEAM = QVLS8TQV4M;
				FRAMEWORK_SEARCH_PATHS = (
					"$(inherited)",
					"$(PROJECT_DIR)",
				);
				INFOPLIST_FILE = "$(SRCROOT)/UITestingComparison/Resources/Info.plist";
				IPHONEOS_DEPLOYMENT_TARGET = 9.0;
				LD_RUNPATH_SEARCH_PATHS = "$(inherited) @executable_path/Frameworks";
				PRODUCT_BUNDLE_IDENTIFIER = com.pspdfkit.UITestingComparison;
				PRODUCT_NAME = "$(TARGET_NAME)";
				SWIFT_VERSION = 3.0;
			};
			name = Debug;
		};
		F88E60591D9D6F1D00AA67BF /* Release */ = {
			isa = XCBuildConfiguration;
			buildSettings = {
				ASSETCATALOG_COMPILER_APPICON_NAME = AppIcon;
				DEVELOPMENT_TEAM = QVLS8TQV4M;
				FRAMEWORK_SEARCH_PATHS = (
					"$(inherited)",
					"$(PROJECT_DIR)",
				);
				INFOPLIST_FILE = "$(SRCROOT)/UITestingComparison/Resources/Info.plist";
				IPHONEOS_DEPLOYMENT_TARGET = 9.0;
				LD_RUNPATH_SEARCH_PATHS = "$(inherited) @executable_path/Frameworks";
				PRODUCT_BUNDLE_IDENTIFIER = com.pspdfkit.UITestingComparison;
				PRODUCT_NAME = "$(TARGET_NAME)";
				SWIFT_VERSION = 3.0;
			};
			name = Release;
		};
		F88E605B1D9D6F1D00AA67BF /* Debug */ = {
			isa = XCBuildConfiguration;
			buildSettings = {
				ALWAYS_EMBED_SWIFT_STANDARD_LIBRARIES = YES;
				BUNDLE_LOADER = "$(TEST_HOST)";
				DEVELOPMENT_TEAM = QVLS8TQV4M;
				FRAMEWORK_SEARCH_PATHS = (
					"$(inherited)",
					"$(PROJECT_DIR)",
				);
				INFOPLIST_FILE = UITestingEarlGreyTests/Info.plist;
				LD_RUNPATH_SEARCH_PATHS = "$(inherited) @executable_path/Frameworks @loader_path/Frameworks";
				LIBRARY_SEARCH_PATHS = (
					"$(inherited)",
					"$(PROJECT_DIR)/UITestingEarlGreyTests/Vendor/EarlGrey/Tests/UnitTests/ocmock/Examples/iOS5Example/usr/lib",
					"$(PROJECT_DIR)/UITestingEarlGreyTests/Vendor/EarlGrey/Tests/UnitTests/ocmock/Examples/iOS7Example/usr/lib",
					"$(PROJECT_DIR)/UITestingEarlGreyTests/Vendor/EarlGrey/Tests/UnitTests/ocmock/Examples/iOS9Example/usr/lib",
					"$(PROJECT_DIR)/UITestingEarlGreyTests/Vendor/EarlGrey/Tests/UnitTests/ocmock/Examples/iPhoneExample/Libraries",
					"$(PROJECT_DIR)/UITestingEarlGreyTests/Vendor/EarlGrey/Tests/UnitTests/ocmock/Examples/SwiftExamples/usr/lib",
				);
				PRODUCT_BUNDLE_IDENTIFIER = com.pspdfkit.UITestingEarlGreyTests;
				PRODUCT_NAME = "$(TARGET_NAME)";
				SWIFT_OBJC_BRIDGING_HEADER = UITestingEarlGreyTests/BridgingHeader.h;
				SWIFT_VERSION = 3.0;
				TEST_HOST = "$(BUILT_PRODUCTS_DIR)/UITestingComparison.app/UITestingComparison";
			};
			name = Debug;
		};
		F88E605C1D9D6F1D00AA67BF /* Release */ = {
			isa = XCBuildConfiguration;
			buildSettings = {
				ALWAYS_EMBED_SWIFT_STANDARD_LIBRARIES = YES;
				BUNDLE_LOADER = "$(TEST_HOST)";
				DEVELOPMENT_TEAM = QVLS8TQV4M;
				FRAMEWORK_SEARCH_PATHS = (
					"$(inherited)",
					"$(PROJECT_DIR)",
				);
				INFOPLIST_FILE = UITestingEarlGreyTests/Info.plist;
				LD_RUNPATH_SEARCH_PATHS = "$(inherited) @executable_path/Frameworks @loader_path/Frameworks";
				LIBRARY_SEARCH_PATHS = (
					"$(inherited)",
					"$(PROJECT_DIR)/UITestingEarlGreyTests/Vendor/EarlGrey/Tests/UnitTests/ocmock/Examples/iOS5Example/usr/lib",
					"$(PROJECT_DIR)/UITestingEarlGreyTests/Vendor/EarlGrey/Tests/UnitTests/ocmock/Examples/iOS7Example/usr/lib",
					"$(PROJECT_DIR)/UITestingEarlGreyTests/Vendor/EarlGrey/Tests/UnitTests/ocmock/Examples/iOS9Example/usr/lib",
					"$(PROJECT_DIR)/UITestingEarlGreyTests/Vendor/EarlGrey/Tests/UnitTests/ocmock/Examples/iPhoneExample/Libraries",
					"$(PROJECT_DIR)/UITestingEarlGreyTests/Vendor/EarlGrey/Tests/UnitTests/ocmock/Examples/SwiftExamples/usr/lib",
				);
				PRODUCT_BUNDLE_IDENTIFIER = com.pspdfkit.UITestingEarlGreyTests;
				PRODUCT_NAME = "$(TARGET_NAME)";
				SWIFT_OBJC_BRIDGING_HEADER = UITestingEarlGreyTests/BridgingHeader.h;
				SWIFT_VERSION = 3.0;
				TEST_HOST = "$(BUILT_PRODUCTS_DIR)/UITestingComparison.app/UITestingComparison";
			};
			name = Release;
		};
		F88E605E1D9D6F1D00AA67BF /* Debug */ = {
			isa = XCBuildConfiguration;
			buildSettings = {
				ALWAYS_EMBED_SWIFT_STANDARD_LIBRARIES = YES;
				CLANG_ENABLE_MODULES = YES;
				DEVELOPMENT_TEAM = QVLS8TQV4M;
				FRAMEWORK_SEARCH_PATHS = (
					"$(inherited)",
					"$(PROJECT_DIR)",
				);
				INFOPLIST_FILE = UITestingXCUITests/Info.plist;
				LD_RUNPATH_SEARCH_PATHS = "$(inherited) @executable_path/Frameworks @loader_path/Frameworks";
				PRODUCT_BUNDLE_IDENTIFIER = com.pspdfkit.UITestingXCUITests;
				PRODUCT_NAME = "$(TARGET_NAME)";
				SWIFT_OBJC_BRIDGING_HEADER = "UITestingXCUITests/UITestingXCUITests-Bridging-Header.h";
				SWIFT_OPTIMIZATION_LEVEL = "-Onone";
				SWIFT_VERSION = 3.0;
				TEST_TARGET_NAME = UITestingComparison;
			};
			name = Debug;
		};
		F88E605F1D9D6F1D00AA67BF /* Release */ = {
			isa = XCBuildConfiguration;
			buildSettings = {
				ALWAYS_EMBED_SWIFT_STANDARD_LIBRARIES = YES;
				CLANG_ENABLE_MODULES = YES;
				DEVELOPMENT_TEAM = QVLS8TQV4M;
				FRAMEWORK_SEARCH_PATHS = (
					"$(inherited)",
					"$(PROJECT_DIR)",
				);
				INFOPLIST_FILE = UITestingXCUITests/Info.plist;
				LD_RUNPATH_SEARCH_PATHS = "$(inherited) @executable_path/Frameworks @loader_path/Frameworks";
				PRODUCT_BUNDLE_IDENTIFIER = com.pspdfkit.UITestingXCUITests;
				PRODUCT_NAME = "$(TARGET_NAME)";
				SWIFT_OBJC_BRIDGING_HEADER = "UITestingXCUITests/UITestingXCUITests-Bridging-Header.h";
				SWIFT_VERSION = 3.0;
				TEST_TARGET_NAME = UITestingComparison;
			};
			name = Release;
		};
		F88E65791D9E63B400AA67BF /* Debug */ = {
			isa = XCBuildConfiguration;
			buildSettings = {
				BUNDLE_LOADER = "$(BUILT_PRODUCTS_DIR)/UITestingComparison.app/UITestingComparison";
				DEVELOPMENT_TEAM = QVLS8TQV4M;
				FRAMEWORK_SEARCH_PATHS = (
					"$(inherited)",
					"$(PROJECT_DIR)",
				);
				INFOPLIST_FILE = UITestingKIFTests/Info.plist;
				LD_RUNPATH_SEARCH_PATHS = "$(inherited) @executable_path/Frameworks @loader_path/Frameworks";
				OTHER_LDFLAGS = (
					"-ObjC",
					"-framework",
					IOKit,
				);
				PRODUCT_BUNDLE_IDENTIFIER = com.pspdfkit.UITestingKIFTests;
				PRODUCT_NAME = "$(TARGET_NAME)";
				SWIFT_OBJC_BRIDGING_HEADER = UITestingKIFTests/BridgingHeader.h;
				SWIFT_VERSION = 3.0;
				TEST_HOST = "$(BUNDLE_LOADER)";
			};
			name = Debug;
		};
		F88E657A1D9E63B400AA67BF /* Release */ = {
			isa = XCBuildConfiguration;
			buildSettings = {
				BUNDLE_LOADER = "$(BUILT_PRODUCTS_DIR)/UITestingComparison.app/UITestingComparison";
				DEVELOPMENT_TEAM = QVLS8TQV4M;
				FRAMEWORK_SEARCH_PATHS = (
					"$(inherited)",
					"$(PROJECT_DIR)",
				);
				INFOPLIST_FILE = UITestingKIFTests/Info.plist;
				LD_RUNPATH_SEARCH_PATHS = "$(inherited) @executable_path/Frameworks @loader_path/Frameworks";
				OTHER_LDFLAGS = (
					"-ObjC",
					"-framework",
					IOKit,
				);
				PRODUCT_BUNDLE_IDENTIFIER = com.pspdfkit.UITestingKIFTests;
				PRODUCT_NAME = "$(TARGET_NAME)";
				SWIFT_OBJC_BRIDGING_HEADER = UITestingKIFTests/BridgingHeader.h;
				SWIFT_VERSION = 3.0;
				TEST_HOST = "$(BUNDLE_LOADER)";
			};
			name = Release;
		};
/* End XCBuildConfiguration section */

/* Begin XCConfigurationList section */
		F88E602A1D9D6F1D00AA67BF /* Build configuration list for PBXProject "UITestingComparison" */ = {
			isa = XCConfigurationList;
			buildConfigurations = (
				F88E60551D9D6F1D00AA67BF /* Debug */,
				F88E60561D9D6F1D00AA67BF /* Release */,
			);
			defaultConfigurationIsVisible = 0;
			defaultConfigurationName = Release;
		};
		F88E60571D9D6F1D00AA67BF /* Build configuration list for PBXNativeTarget "UITestingComparison" */ = {
			isa = XCConfigurationList;
			buildConfigurations = (
				F88E60581D9D6F1D00AA67BF /* Debug */,
				F88E60591D9D6F1D00AA67BF /* Release */,
			);
			defaultConfigurationIsVisible = 0;
			defaultConfigurationName = Release;
		};
		F88E605A1D9D6F1D00AA67BF /* Build configuration list for PBXNativeTarget "UITestingEarlGreyTests" */ = {
			isa = XCConfigurationList;
			buildConfigurations = (
				F88E605B1D9D6F1D00AA67BF /* Debug */,
				F88E605C1D9D6F1D00AA67BF /* Release */,
			);
			defaultConfigurationIsVisible = 0;
			defaultConfigurationName = Release;
		};
		F88E605D1D9D6F1D00AA67BF /* Build configuration list for PBXNativeTarget "UITestingXCUITests" */ = {
			isa = XCConfigurationList;
			buildConfigurations = (
				F88E605E1D9D6F1D00AA67BF /* Debug */,
				F88E605F1D9D6F1D00AA67BF /* Release */,
			);
			defaultConfigurationIsVisible = 0;
			defaultConfigurationName = Release;
		};
		F88E65781D9E63B400AA67BF /* Build configuration list for PBXNativeTarget "UITestingKIFTests" */ = {
			isa = XCConfigurationList;
			buildConfigurations = (
				F88E65791D9E63B400AA67BF /* Debug */,
				F88E657A1D9E63B400AA67BF /* Release */,
			);
			defaultConfigurationIsVisible = 0;
			defaultConfigurationName = Release;
		};
/* End XCConfigurationList section */
	};
	rootObject = F88E60271D9D6F1D00AA67BF /* Project object */;
}
